
Microsoft Visual Studio Solution File, Format Version 12.00
# Visual Studio 15
VisualStudioVersion = 15.0.28307.572
MinimumVisualStudioVersion = 10.0.40219.1
Project("{FAE04EC0-301F-11D3-BF4B-00C04F79EFBC}") = "App1.Android", "App1\App1.Android\App1.Android.csproj", "{22BE324A-CE6A-4300-8C65-D921D5508C6A}"
EndProject
Project("{FAE04EC0-301F-11D3-BF4B-00C04F79EFBC}") = "App1.iOS", "App1\App1.iOS\App1.iOS.csproj", "{A9987F33-AA59-4E87-9BC2-9E6C2934C080}"
EndProject
Project("{FAE04EC0-301F-11D3-BF4B-00C04F79EFBC}") = "App1.UWP", "App1\App1.UWP\App1.UWP.csproj", "{29D283BD-41E6-4072-8BC7-7BB1BCEE8DBC}"
EndProject
Project("{FAE04EC0-301F-11D3-BF4B-00C04F79EFBC}") = "App1", "App1\App1\App1.csproj", "{75D4066D-4D02-4840-9B53-6455C3D97DA3}"
EndProject
Global
	GlobalSection(SolutionConfigurationPlatforms) = preSolution
		Ad-Hoc|Any CPU = Ad-Hoc|Any CPU
		Ad-Hoc|ARM = Ad-Hoc|ARM
		Ad-Hoc|iPhone = Ad-Hoc|iPhone
		Ad-Hoc|iPhoneSimulator = Ad-Hoc|iPhoneSimulator
		Ad-Hoc|x64 = Ad-Hoc|x64
		Ad-Hoc|x86 = Ad-Hoc|x86
		AppStore|Any CPU = AppStore|Any CPU
		AppStore|ARM = AppStore|ARM
		AppStore|iPhone = AppStore|iPhone
		AppStore|iPhoneSimulator = AppStore|iPhoneSimulator
		AppStore|x64 = AppStore|x64
		AppStore|x86 = AppStore|x86
		Debug|Any CPU = Debug|Any CPU
		Debug|ARM = Debug|ARM
		Debug|iPhone = Debug|iPhone
		Debug|iPhoneSimulator = Debug|iPhoneSimulator
		Debug|x64 = Debug|x64
		Debug|x86 = Debug|x86
		Release|Any CPU = Release|Any CPU
		Release|ARM = Release|ARM
		Release|iPhone = Release|iPhone
		Release|iPhoneSimulator = Release|iPhoneSimulator
		Release|x64 = Release|x64
		Release|x86 = Release|x86
	EndGlobalSection
	GlobalSection(ProjectConfigurationPlatforms) = postSolution
		{22BE324A-CE6A-4300-8C65-D921D5508C6A}.Ad-Hoc|Any CPU.ActiveCfg = Release|Any CPU
		{22BE324A-CE6A-4300-8C65-D921D5508C6A}.Ad-Hoc|Any CPU.Build.0 = Release|Any CPU
		{22BE324A-CE6A-4300-8C65-D921D5508C6A}.Ad-Hoc|Any CPU.Deploy.0 = Release|Any CPU
		{22BE324A-CE6A-4300-8C65-D921D5508C6A}.Ad-Hoc|ARM.ActiveCfg = Release|Any CPU
		{22BE324A-CE6A-4300-8C65-D921D5508C6A}.Ad-Hoc|ARM.Build.0 = Release|Any CPU
		{22BE324A-CE6A-4300-8C65-D921D5508C6A}.Ad-Hoc|ARM.Deploy.0 = Release|Any CPU
		{22BE324A-CE6A-4300-8C65-D921D5508C6A}.Ad-Hoc|iPhone.ActiveCfg = Release|Any CPU
		{22BE324A-CE6A-4300-8C65-D921D5508C6A}.Ad-Hoc|iPhone.Build.0 = Release|Any CPU
		{22BE324A-CE6A-4300-8C65-D921D5508C6A}.Ad-Hoc|iPhone.Deploy.0 = Release|Any CPU
		{22BE324A-CE6A-4300-8C65-D921D5508C6A}.Ad-Hoc|iPhoneSimulator.ActiveCfg = Release|Any CPU
		{22BE324A-CE6A-4300-8C65-D921D5508C6A}.Ad-Hoc|iPhoneSimulator.Build.0 = Release|Any CPU
		{22BE324A-CE6A-4300-8C65-D921D5508C6A}.Ad-Hoc|iPhoneSimulator.Deploy.0 = Release|Any CPU
		{22BE324A-CE6A-4300-8C65-D921D5508C6A}.Ad-Hoc|x64.ActiveCfg = Release|Any CPU
		{22BE324A-CE6A-4300-8C65-D921D5508C6A}.Ad-Hoc|x64.Build.0 = Release|Any CPU
		{22BE324A-CE6A-4300-8C65-D921D5508C6A}.Ad-Hoc|x64.Deploy.0 = Release|Any CPU
		{22BE324A-CE6A-4300-8C65-D921D5508C6A}.Ad-Hoc|x86.ActiveCfg = Release|Any CPU
		{22BE324A-CE6A-4300-8C65-D921D5508C6A}.Ad-Hoc|x86.Build.0 = Release|Any CPU
		{22BE324A-CE6A-4300-8C65-D921D5508C6A}.Ad-Hoc|x86.Deploy.0 = Release|Any CPU
		{22BE324A-CE6A-4300-8C65-D921D5508C6A}.AppStore|Any CPU.ActiveCfg = Release|Any CPU
		{22BE324A-CE6A-4300-8C65-D921D5508C6A}.AppStore|Any CPU.Build.0 = Release|Any CPU
		{22BE324A-CE6A-4300-8C65-D921D5508C6A}.AppStore|Any CPU.Deploy.0 = Release|Any CPU
		{22BE324A-CE6A-4300-8C65-D921D5508C6A}.AppStore|ARM.ActiveCfg = Release|Any CPU
		{22BE324A-CE6A-4300-8C65-D921D5508C6A}.AppStore|ARM.Build.0 = Release|Any CPU
		{22BE324A-CE6A-4300-8C65-D921D5508C6A}.AppStore|ARM.Deploy.0 = Release|Any CPU
		{22BE324A-CE6A-4300-8C65-D921D5508C6A}.AppStore|iPhone.ActiveCfg = Release|Any CPU
		{22BE324A-CE6A-4300-8C65-D921D5508C6A}.AppStore|iPhone.Build.0 = Release|Any CPU
		{22BE324A-CE6A-4300-8C65-D921D5508C6A}.AppStore|iPhone.Deploy.0 = Release|Any CPU
		{22BE324A-CE6A-4300-8C65-D921D5508C6A}.AppStore|iPhoneSimulator.ActiveCfg = Release|Any CPU
		{22BE324A-CE6A-4300-8C65-D921D5508C6A}.AppStore|iPhoneSimulator.Build.0 = Release|Any CPU
		{22BE324A-CE6A-4300-8C65-D921D5508C6A}.AppStore|iPhoneSimulator.Deploy.0 = Release|Any CPU
		{22BE324A-CE6A-4300-8C65-D921D5508C6A}.AppStore|x64.ActiveCfg = Release|Any CPU
		{22BE324A-CE6A-4300-8C65-D921D5508C6A}.AppStore|x64.Build.0 = Release|Any CPU
		{22BE324A-CE6A-4300-8C65-D921D5508C6A}.AppStore|x64.Deploy.0 = Release|Any CPU
		{22BE324A-CE6A-4300-8C65-D921D5508C6A}.AppStore|x86.ActiveCfg = Release|Any CPU
		{22BE324A-CE6A-4300-8C65-D921D5508C6A}.AppStore|x86.Build.0 = Release|Any CPU
		{22BE324A-CE6A-4300-8C65-D921D5508C6A}.AppStore|x86.Deploy.0 = Release|Any CPU
		{22BE324A-CE6A-4300-8C65-D921D5508C6A}.Debug|Any CPU.ActiveCfg = Debug|Any CPU
		{22BE324A-CE6A-4300-8C65-D921D5508C6A}.Debug|Any CPU.Build.0 = Debug|Any CPU
		{22BE324A-CE6A-4300-8C65-D921D5508C6A}.Debug|Any CPU.Deploy.0 = Debug|Any CPU
		{22BE324A-CE6A-4300-8C65-D921D5508C6A}.Debug|ARM.ActiveCfg = Debug|Any CPU
		{22BE324A-CE6A-4300-8C65-D921D5508C6A}.Debug|ARM.Build.0 = Debug|Any CPU
		{22BE324A-CE6A-4300-8C65-D921D5508C6A}.Debug|ARM.Deploy.0 = Debug|Any CPU
		{22BE324A-CE6A-4300-8C65-D921D5508C6A}.Debug|iPhone.ActiveCfg = Debug|Any CPU
		{22BE324A-CE6A-4300-8C65-D921D5508C6A}.Debug|iPhone.Build.0 = Debug|Any CPU
		{22BE324A-CE6A-4300-8C65-D921D5508C6A}.Debug|iPhone.Deploy.0 = Debug|Any CPU
		{22BE324A-CE6A-4300-8C65-D921D5508C6A}.Debug|iPhoneSimulator.ActiveCfg = Debug|Any CPU
		{22BE324A-CE6A-4300-8C65-D921D5508C6A}.Debug|iPhoneSimulator.Build.0 = Debug|Any CPU
		{22BE324A-CE6A-4300-8C65-D921D5508C6A}.Debug|iPhoneSimulator.Deploy.0 = Debug|Any CPU
		{22BE324A-CE6A-4300-8C65-D921D5508C6A}.Debug|x64.ActiveCfg = Debug|Any CPU
		{22BE324A-CE6A-4300-8C65-D921D5508C6A}.Debug|x64.Build.0 = Debug|Any CPU
		{22BE324A-CE6A-4300-8C65-D921D5508C6A}.Debug|x64.Deploy.0 = Debug|Any CPU
		{22BE324A-CE6A-4300-8C65-D921D5508C6A}.Debug|x86.ActiveCfg = Debug|Any CPU
		{22BE324A-CE6A-4300-8C65-D921D5508C6A}.Debug|x86.Build.0 = Debug|Any CPU
		{22BE324A-CE6A-4300-8C65-D921D5508C6A}.Debug|x86.Deploy.0 = Debug|Any CPU
		{22BE324A-CE6A-4300-8C65-D921D5508C6A}.Release|Any CPU.ActiveCfg = Release|Any CPU
		{22BE324A-CE6A-4300-8C65-D921D5508C6A}.Release|Any CPU.Build.0 = Release|Any CPU
		{22BE324A-CE6A-4300-8C65-D921D5508C6A}.Release|Any CPU.Deploy.0 = Release|Any CPU
		{22BE324A-CE6A-4300-8C65-D921D5508C6A}.Release|ARM.ActiveCfg = Release|Any CPU
		{22BE324A-CE6A-4300-8C65-D921D5508C6A}.Release|ARM.Build.0 = Release|Any CPU
		{22BE324A-CE6A-4300-8C65-D921D5508C6A}.Release|ARM.Deploy.0 = Release|Any CPU
		{22BE324A-CE6A-4300-8C65-D921D5508C6A}.Release|iPhone.ActiveCfg = Release|Any CPU
		{22BE324A-CE6A-4300-8C65-D921D5508C6A}.Release|iPhone.Build.0 = Release|Any CPU
		{22BE324A-CE6A-4300-8C65-D921D5508C6A}.Release|iPhone.Deploy.0 = Release|Any CPU
		{22BE324A-CE6A-4300-8C65-D921D5508C6A}.Release|iPhoneSimulator.ActiveCfg = Release|Any CPU
		{22BE324A-CE6A-4300-8C65-D921D5508C6A}.Release|iPhoneSimulator.Build.0 = Release|Any CPU
		{22BE324A-CE6A-4300-8C65-D921D5508C6A}.Release|iPhoneSimulator.Deploy.0 = Release|Any CPU
		{22BE324A-CE6A-4300-8C65-D921D5508C6A}.Release|x64.ActiveCfg = Release|Any CPU
		{22BE324A-CE6A-4300-8C65-D921D5508C6A}.Release|x64.Build.0 = Release|Any CPU
		{22BE324A-CE6A-4300-8C65-D921D5508C6A}.Release|x64.Deploy.0 = Release|Any CPU
		{22BE324A-CE6A-4300-8C65-D921D5508C6A}.Release|x86.ActiveCfg = Release|Any CPU
		{22BE324A-CE6A-4300-8C65-D921D5508C6A}.Release|x86.Build.0 = Release|Any CPU
		{22BE324A-CE6A-4300-8C65-D921D5508C6A}.Release|x86.Deploy.0 = Release|Any CPU
		{A9987F33-AA59-4E87-9BC2-9E6C2934C080}.Ad-Hoc|Any CPU.ActiveCfg = Ad-Hoc|iPhone
		{A9987F33-AA59-4E87-9BC2-9E6C2934C080}.Ad-Hoc|Any CPU.Build.0 = Ad-Hoc|iPhone
		{A9987F33-AA59-4E87-9BC2-9E6C2934C080}.Ad-Hoc|Any CPU.Deploy.0 = Ad-Hoc|iPhone
		{A9987F33-AA59-4E87-9BC2-9E6C2934C080}.Ad-Hoc|ARM.ActiveCfg = Ad-Hoc|iPhone
		{A9987F33-AA59-4E87-9BC2-9E6C2934C080}.Ad-Hoc|ARM.Build.0 = Ad-Hoc|iPhone
		{A9987F33-AA59-4E87-9BC2-9E6C2934C080}.Ad-Hoc|ARM.Deploy.0 = Ad-Hoc|iPhone
		{A9987F33-AA59-4E87-9BC2-9E6C2934C080}.Ad-Hoc|iPhone.ActiveCfg = Ad-Hoc|iPhone
		{A9987F33-AA59-4E87-9BC2-9E6C2934C080}.Ad-Hoc|iPhone.Build.0 = Ad-Hoc|iPhone
		{A9987F33-AA59-4E87-9BC2-9E6C2934C080}.Ad-Hoc|iPhone.Deploy.0 = Ad-Hoc|iPhone
		{A9987F33-AA59-4E87-9BC2-9E6C2934C080}.Ad-Hoc|iPhoneSimulator.ActiveCfg = Ad-Hoc|iPhoneSimulator
		{A9987F33-AA59-4E87-9BC2-9E6C2934C080}.Ad-Hoc|iPhoneSimulator.Build.0 = Ad-Hoc|iPhoneSimulator
		{A9987F33-AA59-4E87-9BC2-9E6C2934C080}.Ad-Hoc|iPhoneSimulator.Deploy.0 = Ad-Hoc|iPhoneSimulator
		{A9987F33-AA59-4E87-9BC2-9E6C2934C080}.Ad-Hoc|x64.ActiveCfg = Ad-Hoc|iPhone
		{A9987F33-AA59-4E87-9BC2-9E6C2934C080}.Ad-Hoc|x64.Build.0 = Ad-Hoc|iPhone
		{A9987F33-AA59-4E87-9BC2-9E6C2934C080}.Ad-Hoc|x64.Deploy.0 = Ad-Hoc|iPhone
		{A9987F33-AA59-4E87-9BC2-9E6C2934C080}.Ad-Hoc|x86.ActiveCfg = Ad-Hoc|iPhone
		{A9987F33-AA59-4E87-9BC2-9E6C2934C080}.Ad-Hoc|x86.Build.0 = Ad-Hoc|iPhone
		{A9987F33-AA59-4E87-9BC2-9E6C2934C080}.Ad-Hoc|x86.Deploy.0 = Ad-Hoc|iPhone
		{A9987F33-AA59-4E87-9BC2-9E6C2934C080}.AppStore|Any CPU.ActiveCfg = AppStore|iPhone
		{A9987F33-AA59-4E87-9BC2-9E6C2934C080}.AppStore|Any CPU.Build.0 = AppStore|iPhone
		{A9987F33-AA59-4E87-9BC2-9E6C2934C080}.AppStore|Any CPU.Deploy.0 = AppStore|iPhone
		{A9987F33-AA59-4E87-9BC2-9E6C2934C080}.AppStore|ARM.ActiveCfg = AppStore|iPhone
		{A9987F33-AA59-4E87-9BC2-9E6C2934C080}.AppStore|ARM.Build.0 = AppStore|iPhone
		{A9987F33-AA59-4E87-9BC2-9E6C2934C080}.AppStore|ARM.Deploy.0 = AppStore|iPhone
		{A9987F33-AA59-4E87-9BC2-9E6C2934C080}.AppStore|iPhone.ActiveCfg = AppStore|iPhone
		{A9987F33-AA59-4E87-9BC2-9E6C2934C080}.AppStore|iPhone.Build.0 = AppStore|iPhone
		{A9987F33-AA59-4E87-9BC2-9E6C2934C080}.AppStore|iPhone.Deploy.0 = AppStore|iPhone
		{A9987F33-AA59-4E87-9BC2-9E6C2934C080}.AppStore|iPhoneSimulator.ActiveCfg = AppStore|iPhoneSimulator
		{A9987F33-AA59-4E87-9BC2-9E6C2934C080}.AppStore|iPhoneSimulator.Build.0 = AppStore|iPhoneSimulator
		{A9987F33-AA59-4E87-9BC2-9E6C2934C080}.AppStore|iPhoneSimulator.Deploy.0 = AppStore|iPhoneSimulator
		{A9987F33-AA59-4E87-9BC2-9E6C2934C080}.AppStore|x64.ActiveCfg = AppStore|iPhone
		{A9987F33-AA59-4E87-9BC2-9E6C2934C080}.AppStore|x64.Build.0 = AppStore|iPhone
		{A9987F33-AA59-4E87-9BC2-9E6C2934C080}.AppStore|x64.Deploy.0 = AppStore|iPhone
		{A9987F33-AA59-4E87-9BC2-9E6C2934C080}.AppStore|x86.ActiveCfg = AppStore|iPhone
		{A9987F33-AA59-4E87-9BC2-9E6C2934C080}.AppStore|x86.Build.0 = AppStore|iPhone
		{A9987F33-AA59-4E87-9BC2-9E6C2934C080}.AppStore|x86.Deploy.0 = AppStore|iPhone
		{A9987F33-AA59-4E87-9BC2-9E6C2934C080}.Debug|Any CPU.ActiveCfg = Debug|iPhoneSimulator
		{A9987F33-AA59-4E87-9BC2-9E6C2934C080}.Debug|Any CPU.Build.0 = Debug|iPhoneSimulator
		{A9987F33-AA59-4E87-9BC2-9E6C2934C080}.Debug|Any CPU.Deploy.0 = Debug|iPhoneSimulator
		{A9987F33-AA59-4E87-9BC2-9E6C2934C080}.Debug|ARM.ActiveCfg = Debug|iPhone
		{A9987F33-AA59-4E87-9BC2-9E6C2934C080}.Debug|ARM.Build.0 = Debug|iPhone
		{A9987F33-AA59-4E87-9BC2-9E6C2934C080}.Debug|ARM.Deploy.0 = Debug|iPhone
		{A9987F33-AA59-4E87-9BC2-9E6C2934C080}.Debug|iPhone.ActiveCfg = Debug|iPhone
		{A9987F33-AA59-4E87-9BC2-9E6C2934C080}.Debug|iPhone.Build.0 = Debug|iPhone
		{A9987F33-AA59-4E87-9BC2-9E6C2934C080}.Debug|iPhone.Deploy.0 = Debug|iPhone
		{A9987F33-AA59-4E87-9BC2-9E6C2934C080}.Debug|iPhoneSimulator.ActiveCfg = Debug|iPhoneSimulator
		{A9987F33-AA59-4E87-9BC2-9E6C2934C080}.Debug|iPhoneSimulator.Build.0 = Debug|iPhoneSimulator
		{A9987F33-AA59-4E87-9BC2-9E6C2934C080}.Debug|iPhoneSimulator.Deploy.0 = Debug|iPhoneSimulator
		{A9987F33-AA59-4E87-9BC2-9E6C2934C080}.Debug|x64.ActiveCfg = Debug|iPhone
		{A9987F33-AA59-4E87-9BC2-9E6C2934C080}.Debug|x64.Build.0 = Debug|iPhone
		{A9987F33-AA59-4E87-9BC2-9E6C2934C080}.Debug|x64.Deploy.0 = Debug|iPhone
		{A9987F33-AA59-4E87-9BC2-9E6C2934C080}.Debug|x86.ActiveCfg = Debug|iPhone
		{A9987F33-AA59-4E87-9BC2-9E6C2934C080}.Debug|x86.Build.0 = Debug|iPhone
		{A9987F33-AA59-4E87-9BC2-9E6C2934C080}.Debug|x86.Deploy.0 = Debug|iPhone
		{A9987F33-AA59-4E87-9BC2-9E6C2934C080}.Release|Any CPU.ActiveCfg = Release|iPhone
		{A9987F33-AA59-4E87-9BC2-9E6C2934C080}.Release|Any CPU.Build.0 = Release|iPhone
		{A9987F33-AA59-4E87-9BC2-9E6C2934C080}.Release|Any CPU.Deploy.0 = Release|iPhone
		{A9987F33-AA59-4E87-9BC2-9E6C2934C080}.Release|ARM.ActiveCfg = Release|iPhone
		{A9987F33-AA59-4E87-9BC2-9E6C2934C080}.Release|ARM.Build.0 = Release|iPhone
		{A9987F33-AA59-4E87-9BC2-9E6C2934C080}.Release|ARM.Deploy.0 = Release|iPhone
		{A9987F33-AA59-4E87-9BC2-9E6C2934C080}.Release|iPhone.ActiveCfg = Release|iPhone
		{A9987F33-AA59-4E87-9BC2-9E6C2934C080}.Release|iPhone.Build.0 = Release|iPhone
		{A9987F33-AA59-4E87-9BC2-9E6C2934C080}.Release|iPhone.Deploy.0 = Release|iPhone
		{A9987F33-AA59-4E87-9BC2-9E6C2934C080}.Release|iPhoneSimulator.ActiveCfg = Release|iPhoneSimulator
		{A9987F33-AA59-4E87-9BC2-9E6C2934C080}.Release|iPhoneSimulator.Build.0 = Release|iPhoneSimulator
		{A9987F33-AA59-4E87-9BC2-9E6C2934C080}.Release|iPhoneSimulator.Deploy.0 = Release|iPhoneSimulator
		{A9987F33-AA59-4E87-9BC2-9E6C2934C080}.Release|x64.ActiveCfg = Release|iPhone
		{A9987F33-AA59-4E87-9BC2-9E6C2934C080}.Release|x64.Build.0 = Release|iPhone
		{A9987F33-AA59-4E87-9BC2-9E6C2934C080}.Release|x64.Deploy.0 = Release|iPhone
		{A9987F33-AA59-4E87-9BC2-9E6C2934C080}.Release|x86.ActiveCfg = Release|iPhone
		{A9987F33-AA59-4E87-9BC2-9E6C2934C080}.Release|x86.Build.0 = Release|iPhone
		{A9987F33-AA59-4E87-9BC2-9E6C2934C080}.Release|x86.Deploy.0 = Release|iPhone
		{29D283BD-41E6-4072-8BC7-7BB1BCEE8DBC}.Ad-Hoc|Any CPU.ActiveCfg = Release|x86
		{29D283BD-41E6-4072-8BC7-7BB1BCEE8DBC}.Ad-Hoc|Any CPU.Build.0 = Release|x86
		{29D283BD-41E6-4072-8BC7-7BB1BCEE8DBC}.Ad-Hoc|Any CPU.Deploy.0 = Release|x86
		{29D283BD-41E6-4072-8BC7-7BB1BCEE8DBC}.Ad-Hoc|ARM.ActiveCfg = Release|ARM
		{29D283BD-41E6-4072-8BC7-7BB1BCEE8DBC}.Ad-Hoc|ARM.Build.0 = Release|ARM
		{29D283BD-41E6-4072-8BC7-7BB1BCEE8DBC}.Ad-Hoc|ARM.Deploy.0 = Release|ARM
		{29D283BD-41E6-4072-8BC7-7BB1BCEE8DBC}.Ad-Hoc|iPhone.ActiveCfg = Release|x86
		{29D283BD-41E6-4072-8BC7-7BB1BCEE8DBC}.Ad-Hoc|iPhone.Build.0 = Release|x86
		{29D283BD-41E6-4072-8BC7-7BB1BCEE8DBC}.Ad-Hoc|iPhone.Deploy.0 = Release|x86
		{29D283BD-41E6-4072-8BC7-7BB1BCEE8DBC}.Ad-Hoc|iPhoneSimulator.ActiveCfg = Release|x86
		{29D283BD-41E6-4072-8BC7-7BB1BCEE8DBC}.Ad-Hoc|iPhoneSimulator.Build.0 = Release|x86
		{29D283BD-41E6-4072-8BC7-7BB1BCEE8DBC}.Ad-Hoc|iPhoneSimulator.Deploy.0 = Release|x86
		{29D283BD-41E6-4072-8BC7-7BB1BCEE8DBC}.Ad-Hoc|x64.ActiveCfg = Release|x64
		{29D283BD-41E6-4072-8BC7-7BB1BCEE8DBC}.Ad-Hoc|x64.Build.0 = Release|x64
		{29D283BD-41E6-4072-8BC7-7BB1BCEE8DBC}.Ad-Hoc|x64.Deploy.0 = Release|x64
		{29D283BD-41E6-4072-8BC7-7BB1BCEE8DBC}.Ad-Hoc|x86.ActiveCfg = Release|x86
		{29D283BD-41E6-4072-8BC7-7BB1BCEE8DBC}.Ad-Hoc|x86.Build.0 = Release|x86
		{29D283BD-41E6-4072-8BC7-7BB1BCEE8DBC}.Ad-Hoc|x86.Deploy.0 = Release|x86
		{29D283BD-41E6-4072-8BC7-7BB1BCEE8DBC}.AppStore|Any CPU.ActiveCfg = Release|x86
		{29D283BD-41E6-4072-8BC7-7BB1BCEE8DBC}.AppStore|Any CPU.Build.0 = Release|x86
		{29D283BD-41E6-4072-8BC7-7BB1BCEE8DBC}.AppStore|Any CPU.Deploy.0 = Release|x86
		{29D283BD-41E6-4072-8BC7-7BB1BCEE8DBC}.AppStore|ARM.ActiveCfg = Release|ARM
		{29D283BD-41E6-4072-8BC7-7BB1BCEE8DBC}.AppStore|ARM.Build.0 = Release|ARM
		{29D283BD-41E6-4072-8BC7-7BB1BCEE8DBC}.AppStore|ARM.Deploy.0 = Release|ARM
		{29D283BD-41E6-4072-8BC7-7BB1BCEE8DBC}.AppStore|iPhone.ActiveCfg = Release|x86
		{29D283BD-41E6-4072-8BC7-7BB1BCEE8DBC}.AppStore|iPhone.Build.0 = Release|x86
		{29D283BD-41E6-4072-8BC7-7BB1BCEE8DBC}.AppStore|iPhone.Deploy.0 = Release|x86
		{29D283BD-41E6-4072-8BC7-7BB1BCEE8DBC}.AppStore|iPhoneSimulator.ActiveCfg = Release|x86
		{29D283BD-41E6-4072-8BC7-7BB1BCEE8DBC}.AppStore|iPhoneSimulator.Build.0 = Release|x86
		{29D283BD-41E6-4072-8BC7-7BB1BCEE8DBC}.AppStore|iPhoneSimulator.Deploy.0 = Release|x86
		{29D283BD-41E6-4072-8BC7-7BB1BCEE8DBC}.AppStore|x64.ActiveCfg = Release|x64
		{29D283BD-41E6-4072-8BC7-7BB1BCEE8DBC}.AppStore|x64.Build.0 = Release|x64
		{29D283BD-41E6-4072-8BC7-7BB1BCEE8DBC}.AppStore|x64.Deploy.0 = Release|x64
		{29D283BD-41E6-4072-8BC7-7BB1BCEE8DBC}.AppStore|x86.ActiveCfg = Release|x86
		{29D283BD-41E6-4072-8BC7-7BB1BCEE8DBC}.AppStore|x86.Build.0 = Release|x86
		{29D283BD-41E6-4072-8BC7-7BB1BCEE8DBC}.AppStore|x86.Deploy.0 = Release|x86
		{29D283BD-41E6-4072-8BC7-7BB1BCEE8DBC}.Debug|Any CPU.ActiveCfg = Debug|x86
		{29D283BD-41E6-4072-8BC7-7BB1BCEE8DBC}.Debug|Any CPU.Build.0 = Debug|x86
		{29D283BD-41E6-4072-8BC7-7BB1BCEE8DBC}.Debug|Any CPU.Deploy.0 = Debug|x86
		{29D283BD-41E6-4072-8BC7-7BB1BCEE8DBC}.Debug|ARM.ActiveCfg = Debug|ARM
		{29D283BD-41E6-4072-8BC7-7BB1BCEE8DBC}.Debug|ARM.Build.0 = Debug|ARM
		{29D283BD-41E6-4072-8BC7-7BB1BCEE8DBC}.Debug|ARM.Deploy.0 = Debug|ARM
		{29D283BD-41E6-4072-8BC7-7BB1BCEE8DBC}.Debug|iPhone.ActiveCfg = Debug|x86
		{29D283BD-41E6-4072-8BC7-7BB1BCEE8DBC}.Debug|iPhone.Build.0 = Debug|x86
		{29D283BD-41E6-4072-8BC7-7BB1BCEE8DBC}.Debug|iPhone.Deploy.0 = Debug|x86
		{29D283BD-41E6-4072-8BC7-7BB1BCEE8DBC}.Debug|iPhoneSimulator.ActiveCfg = Debug|x86
		{29D283BD-41E6-4072-8BC7-7BB1BCEE8DBC}.Debug|iPhoneSimulator.Build.0 = Debug|x86
		{29D283BD-41E6-4072-8BC7-7BB1BCEE8DBC}.Debug|iPhoneSimulator.Deploy.0 = Debug|x86
		{29D283BD-41E6-4072-8BC7-7BB1BCEE8DBC}.Debug|x64.ActiveCfg = Debug|x64
		{29D283BD-41E6-4072-8BC7-7BB1BCEE8DBC}.Debug|x64.Build.0 = Debug|x64
		{29D283BD-41E6-4072-8BC7-7BB1BCEE8DBC}.Debug|x64.Deploy.0 = Debug|x64
		{29D283BD-41E6-4072-8BC7-7BB1BCEE8DBC}.Debug|x86.ActiveCfg = Debug|x86
		{29D283BD-41E6-4072-8BC7-7BB1BCEE8DBC}.Debug|x86.Build.0 = Debug|x86
		{29D283BD-41E6-4072-8BC7-7BB1BCEE8DBC}.Debug|x86.Deploy.0 = Debug|x86
		{29D283BD-41E6-4072-8BC7-7BB1BCEE8DBC}.Release|Any CPU.ActiveCfg = Release|x86
		{29D283BD-41E6-4072-8BC7-7BB1BCEE8DBC}.Release|Any CPU.Build.0 = Release|x86
		{29D283BD-41E6-4072-8BC7-7BB1BCEE8DBC}.Release|Any CPU.Deploy.0 = Release|x86
		{29D283BD-41E6-4072-8BC7-7BB1BCEE8DBC}.Release|ARM.ActiveCfg = Release|ARM
		{29D283BD-41E6-4072-8BC7-7BB1BCEE8DBC}.Release|ARM.Build.0 = Release|ARM
		{29D283BD-41E6-4072-8BC7-7BB1BCEE8DBC}.Release|ARM.Deploy.0 = Release|ARM
		{29D283BD-41E6-4072-8BC7-7BB1BCEE8DBC}.Release|iPhone.ActiveCfg = Release|x86
		{29D283BD-41E6-4072-8BC7-7BB1BCEE8DBC}.Release|iPhone.Build.0 = Release|x86
		{29D283BD-41E6-4072-8BC7-7BB1BCEE8DBC}.Release|iPhone.Deploy.0 = Release|x86
		{29D283BD-41E6-4072-8BC7-7BB1BCEE8DBC}.Release|iPhoneSimulator.ActiveCfg = Release|x86
		{29D283BD-41E6-4072-8BC7-7BB1BCEE8DBC}.Release|iPhoneSimulator.Build.0 = Release|x86
		{29D283BD-41E6-4072-8BC7-7BB1BCEE8DBC}.Release|iPhoneSimulator.Deploy.0 = Release|x86
		{29D283BD-41E6-4072-8BC7-7BB1BCEE8DBC}.Release|x64.ActiveCfg = Release|x64
		{29D283BD-41E6-4072-8BC7-7BB1BCEE8DBC}.Release|x64.Build.0 = Release|x64
		{29D283BD-41E6-4072-8BC7-7BB1BCEE8DBC}.Release|x64.Deploy.0 = Release|x64
		{29D283BD-41E6-4072-8BC7-7BB1BCEE8DBC}.Release|x86.ActiveCfg = Release|x86
		{29D283BD-41E6-4072-8BC7-7BB1BCEE8DBC}.Release|x86.Build.0 = Release|x86
		{29D283BD-41E6-4072-8BC7-7BB1BCEE8DBC}.Release|x86.Deploy.0 = Release|x86
		{75D4066D-4D02-4840-9B53-6455C3D97DA3}.Ad-Hoc|Any CPU.ActiveCfg = Debug|Any CPU
		{75D4066D-4D02-4840-9B53-6455C3D97DA3}.Ad-Hoc|Any CPU.Build.0 = Debug|Any CPU
		{75D4066D-4D02-4840-9B53-6455C3D97DA3}.Ad-Hoc|Any CPU.Deploy.0 = Debug|Any CPU
		{75D4066D-4D02-4840-9B53-6455C3D97DA3}.Ad-Hoc|ARM.ActiveCfg = Debug|Any CPU
		{75D4066D-4D02-4840-9B53-6455C3D97DA3}.Ad-Hoc|ARM.Build.0 = Debug|Any CPU
		{75D4066D-4D02-4840-9B53-6455C3D97DA3}.Ad-Hoc|ARM.Deploy.0 = Debug|Any CPU
		{75D4066D-4D02-4840-9B53-6455C3D97DA3}.Ad-Hoc|iPhone.ActiveCfg = Debug|Any CPU
		{75D4066D-4D02-4840-9B53-6455C3D97DA3}.Ad-Hoc|iPhone.Build.0 = Debug|Any CPU
		{75D4066D-4D02-4840-9B53-6455C3D97DA3}.Ad-Hoc|iPhone.Deploy.0 = Debug|Any CPU
		{75D4066D-4D02-4840-9B53-6455C3D97DA3}.Ad-Hoc|iPhoneSimulator.ActiveCfg = Debug|Any CPU
		{75D4066D-4D02-4840-9B53-6455C3D97DA3}.Ad-Hoc|iPhoneSimulator.Build.0 = Debug|Any CPU
		{75D4066D-4D02-4840-9B53-6455C3D97DA3}.Ad-Hoc|iPhoneSimulator.Deploy.0 = Debug|Any CPU
		{75D4066D-4D02-4840-9B53-6455C3D97DA3}.Ad-Hoc|x64.ActiveCfg = Debug|Any CPU
		{75D4066D-4D02-4840-9B53-6455C3D97DA3}.Ad-Hoc|x64.Build.0 = Debug|Any CPU
		{75D4066D-4D02-4840-9B53-6455C3D97DA3}.Ad-Hoc|x64.Deploy.0 = Debug|Any CPU
		{75D4066D-4D02-4840-9B53-6455C3D97DA3}.Ad-Hoc|x86.ActiveCfg = Debug|Any CPU
		{75D4066D-4D02-4840-9B53-6455C3D97DA3}.Ad-Hoc|x86.Build.0 = Debug|Any CPU
		{75D4066D-4D02-4840-9B53-6455C3D97DA3}.Ad-Hoc|x86.Deploy.0 = Debug|Any CPU
		{75D4066D-4D02-4840-9B53-6455C3D97DA3}.AppStore|Any CPU.ActiveCfg = Debug|Any CPU
		{75D4066D-4D02-4840-9B53-6455C3D97DA3}.AppStore|Any CPU.Build.0 = Debug|Any CPU
		{75D4066D-4D02-4840-9B53-6455C3D97DA3}.AppStore|Any CPU.Deploy.0 = Debug|Any CPU
		{75D4066D-4D02-4840-9B53-6455C3D97DA3}.AppStore|ARM.ActiveCfg = Debug|Any CPU
		{75D4066D-4D02-4840-9B53-6455C3D97DA3}.AppStore|ARM.Build.0 = Debug|Any CPU
		{75D4066D-4D02-4840-9B53-6455C3D97DA3}.AppStore|ARM.Deploy.0 = Debug|Any CPU
		{75D4066D-4D02-4840-9B53-6455C3D97DA3}.AppStore|iPhone.ActiveCfg = Debug|Any CPU
		{75D4066D-4D02-4840-9B53-6455C3D97DA3}.AppStore|iPhone.Build.0 = Debug|Any CPU
		{75D4066D-4D02-4840-9B53-6455C3D97DA3}.AppStore|iPhone.Deploy.0 = Debug|Any CPU
		{75D4066D-4D02-4840-9B53-6455C3D97DA3}.AppStore|iPhoneSimulator.ActiveCfg = Debug|Any CPU
		{75D4066D-4D02-4840-9B53-6455C3D97DA3}.AppStore|iPhoneSimulator.Build.0 = Debug|Any CPU
		{75D4066D-4D02-4840-9B53-6455C3D97DA3}.AppStore|iPhoneSimulator.Deploy.0 = Debug|Any CPU
		{75D4066D-4D02-4840-9B53-6455C3D97DA3}.AppStore|x64.ActiveCfg = Debug|Any CPU
		{75D4066D-4D02-4840-9B53-6455C3D97DA3}.AppStore|x64.Build.0 = Debug|Any CPU
		{75D4066D-4D02-4840-9B53-6455C3D97DA3}.AppStore|x64.Deploy.0 = Debug|Any CPU
		{75D4066D-4D02-4840-9B53-6455C3D97DA3}.AppStore|x86.ActiveCfg = Debug|Any CPU
		{75D4066D-4D02-4840-9B53-6455C3D97DA3}.AppStore|x86.Build.0 = Debug|Any CPU
		{75D4066D-4D02-4840-9B53-6455C3D97DA3}.AppStore|x86.Deploy.0 = Debug|Any CPU
		{75D4066D-4D02-4840-9B53-6455C3D97DA3}.Debug|Any CPU.ActiveCfg = Debug|Any CPU
		{75D4066D-4D02-4840-9B53-6455C3D97DA3}.Debug|Any CPU.Build.0 = Debug|Any CPU
		{75D4066D-4D02-4840-9B53-6455C3D97DA3}.Debug|Any CPU.Deploy.0 = Debug|Any CPU
		{75D4066D-4D02-4840-9B53-6455C3D97DA3}.Debug|ARM.ActiveCfg = Debug|Any CPU
		{75D4066D-4D02-4840-9B53-6455C3D97DA3}.Debug|ARM.Build.0 = Debug|Any CPU
		{75D4066D-4D02-4840-9B53-6455C3D97DA3}.Debug|ARM.Deploy.0 = Debug|Any CPU
		{75D4066D-4D02-4840-9B53-6455C3D97DA3}.Debug|iPhone.ActiveCfg = Debug|Any CPU
		{75D4066D-4D02-4840-9B53-6455C3D97DA3}.Debug|iPhone.Build.0 = Debug|Any CPU
		{75D4066D-4D02-4840-9B53-6455C3D97DA3}.Debug|iPhone.Deploy.0 = Debug|Any CPU
		{75D4066D-4D02-4840-9B53-6455C3D97DA3}.Debug|iPhoneSimulator.ActiveCfg = Debug|Any CPU
		{75D4066D-4D02-4840-9B53-6455C3D97DA3}.Debug|iPhoneSimulator.Build.0 = Debug|Any CPU
		{75D4066D-4D02-4840-9B53-6455C3D97DA3}.Debug|iPhoneSimulator.Deploy.0 = Debug|Any CPU
		{75D4066D-4D02-4840-9B53-6455C3D97DA3}.Debug|x64.ActiveCfg = Debug|Any CPU
		{75D4066D-4D02-4840-9B53-6455C3D97DA3}.Debug|x64.Build.0 = Debug|Any CPU
		{75D4066D-4D02-4840-9B53-6455C3D97DA3}.Debug|x64.Deploy.0 = Debug|Any CPU
		{75D4066D-4D02-4840-9B53-6455C3D97DA3}.Debug|x86.ActiveCfg = Debug|Any CPU
		{75D4066D-4D02-4840-9B53-6455C3D97DA3}.Debug|x86.Build.0 = Debug|Any CPU
		{75D4066D-4D02-4840-9B53-6455C3D97DA3}.Debug|x86.Deploy.0 = Debug|Any CPU
		{75D4066D-4D02-4840-9B53-6455C3D97DA3}.Release|Any CPU.ActiveCfg = Release|Any CPU
		{75D4066D-4D02-4840-9B53-6455C3D97DA3}.Release|Any CPU.Build.0 = Release|Any CPU
		{75D4066D-4D02-4840-9B53-6455C3D97DA3}.Release|Any CPU.Deploy.0 = Release|Any CPU
		{75D4066D-4D02-4840-9B53-6455C3D97DA3}.Release|ARM.ActiveCfg = Release|Any CPU
		{75D4066D-4D02-4840-9B53-6455C3D97DA3}.Release|ARM.Build.0 = Release|Any CPU
		{75D4066D-4D02-4840-9B53-6455C3D97DA3}.Release|ARM.Deploy.0 = Release|Any CPU
		{75D4066D-4D02-4840-9B53-6455C3D97DA3}.Release|iPhone.ActiveCfg = Release|Any CPU
		{75D4066D-4D02-4840-9B53-6455C3D97DA3}.Release|iPhone.Build.0 = Release|Any CPU
		{75D4066D-4D02-4840-9B53-6455C3D97DA3}.Release|iPhone.Deploy.0 = Release|Any CPU
		{75D4066D-4D02-4840-9B53-6455C3D97DA3}.Release|iPhoneSimulator.ActiveCfg = Release|Any CPU
		{75D4066D-4D02-4840-9B53-6455C3D97DA3}.Release|iPhoneSimulator.Build.0 = Release|Any CPU
		{75D4066D-4D02-4840-9B53-6455C3D97DA3}.Release|iPhoneSimulator.Deploy.0 = Release|Any CPU
		{75D4066D-4D02-4840-9B53-6455C3D97DA3}.Release|x64.ActiveCfg = Release|Any CPU
		{75D4066D-4D02-4840-9B53-6455C3D97DA3}.Release|x64.Build.0 = Release|Any CPU
		{75D4066D-4D02-4840-9B53-6455C3D97DA3}.Release|x64.Deploy.0 = Release|Any CPU
		{75D4066D-4D02-4840-9B53-6455C3D97DA3}.Release|x86.ActiveCfg = Release|Any CPU
		{75D4066D-4D02-4840-9B53-6455C3D97DA3}.Release|x86.Build.0 = Release|Any CPU
		{75D4066D-4D02-4840-9B53-6455C3D97DA3}.Release|x86.Deploy.0 = Release|Any CPU
	EndGlobalSection
	GlobalSection(SolutionProperties) = preSolution
		HideSolutionNode = FALSE
	EndGlobalSection
	GlobalSection(ExtensibilityGlobals) = postSolution
		SolutionGuid = {3EC14102-83DA-41A9-AED0-1308FA94ABA7}
	EndGlobalSection
EndGlobal
